PODS:
  - Flutter (1.0.0)
  - flutter_secure_storage (6.0.0):
    - Flutter
  - plaid_link_flutter (1.1.0):
    - Flutter

DEPENDENCIES:
  - Flutter (from `Flutter`)
  - flutter_secure_storage (from `.symlinks/plugins/flutter_secure_storage/ios`)
  - plaid_link_flutter (from `.symlinks/plugins/plaid_link_flutter/ios`)

EXTERNAL SOURCES:
  Flutter:
    :path: Flutter
  flutter_secure_storage:
    :path: ".symlinks/plugins/flutter_secure_storage/ios"
  plaid_link_flutter:
    :path: ".symlinks/plugins/plaid_link_flutter/ios"

SPEC CHECKSUMS:
  Flutter: cabc95a1d2626b1b06e7179b784ebcf0c0cde467
  flutter_secure_storage: 1ed9476fba7e7a782b22888f956cce43e2c62f13
  plaid_link_flutter: 4ddf9778a53d01e0d96524ac1443eb1596fd08f6

PODFILE CHECKSUM: 53a6aebc29ccee84c41f92f409fc20cd4ca011f1

COCOAPODS: 1.17.0
